
Microsoft Visual Studio Solution File, Format Version 12.00
Project("{FAE04EC0-301F-11D3-BF4B-00C04F79EFBC}") = "TimeTracker.Migrations", "TimeTracker.Migrations\TimeTracker.Migrations.csproj", "{43E0BC51-B350-4509-9E9E-90BD7B09DA3F}"
EndProject
Project("{2150E333-8FDC-42A3-9474-1A3956D46DE8}") = "Infrastructure", "Infrastructure", "{EEEB1AA4-B6FE-4153-9CCB-565250FC147E}"
EndProject
Project("{FAE04EC0-301F-11D3-BF4B-00C04F79EFBC}") = "Api.Requests.Abstractions", "Api.Requests.Abstractions\Api.Requests.Abstractions.csproj", "{A0B3A29D-0064-4CA1-8B54-E2F74A1AECE7}"
EndProject
Project("{FAE04EC0-301F-11D3-BF4B-00C04F79EFBC}") = "Api.Requests.Base", "Api.Requests.Base\Api.Requests.Base.csproj", "{0F1BDCE3-B2FA-435F-BB25-E36F4C50FD71}"
EndProject
Project("{FAE04EC0-301F-11D3-BF4B-00C04F79EFBC}") = "AspNetCore.ApiControllers.Abstractions", "AspNetCore.ApiControllers.Abstractions\AspNetCore.ApiControllers.Abstractions.csproj", "{3EF44B37-F109-4484-9B1F-F2546FE2D368}"
EndProject
Project("{FAE04EC0-301F-11D3-BF4B-00C04F79EFBC}") = "AspNetCore.ApiControllers.Extensions", "AspNetCore.ApiControllers.Extensions\AspNetCore.ApiControllers.Extensions.csproj", "{E3CB6218-7DC6-4ACD-88C5-181A6C2B1B7F}"
EndProject
Project("{FAE04EC0-301F-11D3-BF4B-00C04F79EFBC}") = "Persistence.Transactions.Behaviors", "Persistence.Transactions.Behaviors\Persistence.Transactions.Behaviors.csproj", "{DA351178-E45A-4F1E-B612-4F457D52BF16}"
EndProject
Project("{FAE04EC0-301F-11D3-BF4B-00C04F79EFBC}") = "Domain.Abstractions", "Domain.Abstractions\Domain.Abstractions.csproj", "{D1DC9AF5-53EA-4045-9228-70BCD0C19580}"
EndProject
Project("{2150E333-8FDC-42A3-9474-1A3956D46DE8}") = "Business", "Business", "{5E30EE13-E6A0-41D8-B90F-1A52666978ED}"
EndProject
Project("{FAE04EC0-301F-11D3-BF4B-00C04F79EFBC}") = "TimeTracker.Business", "TimeTracker.Business\TimeTracker.Business.csproj", "{986E09B1-4007-4094-A644-4B1351B6336D}"
EndProject
Project("{FAE04EC0-301F-11D3-BF4B-00C04F79EFBC}") = "TimeTracker.Business.Common", "TimeTracker.Business.Common\TimeTracker.Business.Common.csproj", "{EB333FCC-8DE8-4499-883C-1AD6FDFC855F}"
EndProject
Project("{FAE04EC0-301F-11D3-BF4B-00C04F79EFBC}") = "TimeTracker.Api", "TimeTracker.Api\TimeTracker.Api.csproj", "{74002744-FF20-4244-B20F-E873A28570AC}"
EndProject
Project("{FAE04EC0-301F-11D3-BF4B-00C04F79EFBC}") = "TimeTracker.Business.Orm", "TimeTracker.Business.Orm\TimeTracker.Business.Orm.csproj", "{8A1D2051-150E-42CD-B1F9-9FB39ED565CD}"
EndProject
Project("{FAE04EC0-301F-11D3-BF4B-00C04F79EFBC}") = "TimeTracker.Business.Extensions", "TimeTracker.Business.Extensions\TimeTracker.Business.Extensions.csproj", "{FD3E8FF9-DE11-4993-B9AB-1A2C1D780254}"
EndProject
Project("{2150E333-8FDC-42A3-9474-1A3956D46DE8}") = "Tests", "Tests", "{89355D2D-34BA-406F-8B6E-96ECB3B361A4}"
EndProject
Project("{FAE04EC0-301F-11D3-BF4B-00C04F79EFBC}") = "TimeTracker.Tests.Integration.Api", "TimeTracker.Tests.Integration.Api\TimeTracker.Tests.Integration.Api.csproj", "{EBC3CAE0-C7A2-47C6-900B-AA2E21CEC4D7}"
EndProject
Project("{FAE04EC0-301F-11D3-BF4B-00C04F79EFBC}") = "TimeTracker.Tests.Integration.Business", "TimeTracker.Tests.Integration.Business\TimeTracker.Tests.Integration.Business.csproj", "{829F2835-B420-485E-BD1D-928773D10BC3}"
EndProject
Project("{FAE04EC0-301F-11D3-BF4B-00C04F79EFBC}") = "TimeTracker.Api.Shared", "TimeTracker.Api.Shared\TimeTracker.Api.Shared.csproj", "{C6326D2F-E30F-41AC-97D9-AF6772E46CC9}"
EndProject
Project("{FAE04EC0-301F-11D3-BF4B-00C04F79EFBC}") = "Notification.Abstractions", "Notification.Abstractions\Notification.Abstractions.csproj", "{DE1C6EE5-BFE1-421B-B1F3-DD0650634F39}"
EndProject
Project("{FAE04EC0-301F-11D3-BF4B-00C04F79EFBC}") = "TimeTracker.Business.Notifications", "TimeTracker.Business.Notifications\TimeTracker.Business.Notifications.csproj", "{81018E65-5784-4E5B-A6FF-0C84B1634FA7}"
EndProject
Project("{FAE04EC0-301F-11D3-BF4B-00C04F79EFBC}") = "TimeTracker.Business.Testing", "TimeTracker.Business.Testing\TimeTracker.Business.Testing.csproj", "{B7629112-B6B2-41BA-AA12-5538B0482136}"
EndProject
Project("{FAE04EC0-301F-11D3-BF4B-00C04F79EFBC}") = "TimeTracker.Tests.Unit.Business", "TimeTracker.Tests.Unit.Business\TimeTracker.Tests.Unit.Business.csproj", "{8455D35E-F8AD-46A4-86F3-77EDBF360487}"
EndProject
Project("{FAE04EC0-301F-11D3-BF4B-00C04F79EFBC}") = "TimeTracker.WorkerServices", "TimeTracker.WorkerServices\TimeTracker.WorkerServices.csproj", "{E5798432-71B3-4B8F-8F0A-E405F873B91D}"
EndProject
Global
	GlobalSection(SolutionConfigurationPlatforms) = preSolution
		Debug|Any CPU = Debug|Any CPU
		Release|Any CPU = Release|Any CPU
	EndGlobalSection
	GlobalSection(ProjectConfigurationPlatforms) = postSolution
		{43E0BC51-B350-4509-9E9E-90BD7B09DA3F}.Debug|Any CPU.ActiveCfg = Debug|Any CPU
		{43E0BC51-B350-4509-9E9E-90BD7B09DA3F}.Debug|Any CPU.Build.0 = Debug|Any CPU
		{43E0BC51-B350-4509-9E9E-90BD7B09DA3F}.Release|Any CPU.ActiveCfg = Release|Any CPU
		{43E0BC51-B350-4509-9E9E-90BD7B09DA3F}.Release|Any CPU.Build.0 = Release|Any CPU
		{A0B3A29D-0064-4CA1-8B54-E2F74A1AECE7}.Debug|Any CPU.ActiveCfg = Debug|Any CPU
		{A0B3A29D-0064-4CA1-8B54-E2F74A1AECE7}.Debug|Any CPU.Build.0 = Debug|Any CPU
		{A0B3A29D-0064-4CA1-8B54-E2F74A1AECE7}.Release|Any CPU.ActiveCfg = Release|Any CPU
		{A0B3A29D-0064-4CA1-8B54-E2F74A1AECE7}.Release|Any CPU.Build.0 = Release|Any CPU
		{0F1BDCE3-B2FA-435F-BB25-E36F4C50FD71}.Debug|Any CPU.ActiveCfg = Debug|Any CPU
		{0F1BDCE3-B2FA-435F-BB25-E36F4C50FD71}.Debug|Any CPU.Build.0 = Debug|Any CPU
		{0F1BDCE3-B2FA-435F-BB25-E36F4C50FD71}.Release|Any CPU.ActiveCfg = Release|Any CPU
		{0F1BDCE3-B2FA-435F-BB25-E36F4C50FD71}.Release|Any CPU.Build.0 = Release|Any CPU
		{3EF44B37-F109-4484-9B1F-F2546FE2D368}.Debug|Any CPU.ActiveCfg = Debug|Any CPU
		{3EF44B37-F109-4484-9B1F-F2546FE2D368}.Debug|Any CPU.Build.0 = Debug|Any CPU
		{3EF44B37-F109-4484-9B1F-F2546FE2D368}.Release|Any CPU.ActiveCfg = Release|Any CPU
		{3EF44B37-F109-4484-9B1F-F2546FE2D368}.Release|Any CPU.Build.0 = Release|Any CPU
		{E3CB6218-7DC6-4ACD-88C5-181A6C2B1B7F}.Debug|Any CPU.ActiveCfg = Debug|Any CPU
		{E3CB6218-7DC6-4ACD-88C5-181A6C2B1B7F}.Debug|Any CPU.Build.0 = Debug|Any CPU
		{E3CB6218-7DC6-4ACD-88C5-181A6C2B1B7F}.Release|Any CPU.ActiveCfg = Release|Any CPU
		{E3CB6218-7DC6-4ACD-88C5-181A6C2B1B7F}.Release|Any CPU.Build.0 = Release|Any CPU
		{DA351178-E45A-4F1E-B612-4F457D52BF16}.Debug|Any CPU.ActiveCfg = Debug|Any CPU
		{DA351178-E45A-4F1E-B612-4F457D52BF16}.Debug|Any CPU.Build.0 = Debug|Any CPU
		{DA351178-E45A-4F1E-B612-4F457D52BF16}.Release|Any CPU.ActiveCfg = Release|Any CPU
		{DA351178-E45A-4F1E-B612-4F457D52BF16}.Release|Any CPU.Build.0 = Release|Any CPU
		{D1DC9AF5-53EA-4045-9228-70BCD0C19580}.Debug|Any CPU.ActiveCfg = Debug|Any CPU
		{D1DC9AF5-53EA-4045-9228-70BCD0C19580}.Debug|Any CPU.Build.0 = Debug|Any CPU
		{D1DC9AF5-53EA-4045-9228-70BCD0C19580}.Release|Any CPU.ActiveCfg = Release|Any CPU
		{D1DC9AF5-53EA-4045-9228-70BCD0C19580}.Release|Any CPU.Build.0 = Release|Any CPU
		{986E09B1-4007-4094-A644-4B1351B6336D}.Debug|Any CPU.ActiveCfg = Debug|Any CPU
		{986E09B1-4007-4094-A644-4B1351B6336D}.Debug|Any CPU.Build.0 = Debug|Any CPU
		{986E09B1-4007-4094-A644-4B1351B6336D}.Release|Any CPU.ActiveCfg = Release|Any CPU
		{986E09B1-4007-4094-A644-4B1351B6336D}.Release|Any CPU.Build.0 = Release|Any CPU
		{EB333FCC-8DE8-4499-883C-1AD6FDFC855F}.Debug|Any CPU.ActiveCfg = Debug|Any CPU
		{EB333FCC-8DE8-4499-883C-1AD6FDFC855F}.Debug|Any CPU.Build.0 = Debug|Any CPU
		{EB333FCC-8DE8-4499-883C-1AD6FDFC855F}.Release|Any CPU.ActiveCfg = Release|Any CPU
		{EB333FCC-8DE8-4499-883C-1AD6FDFC855F}.Release|Any CPU.Build.0 = Release|Any CPU
		{74002744-FF20-4244-B20F-E873A28570AC}.Debug|Any CPU.ActiveCfg = Debug|Any CPU
		{74002744-FF20-4244-B20F-E873A28570AC}.Debug|Any CPU.Build.0 = Debug|Any CPU
		{74002744-FF20-4244-B20F-E873A28570AC}.Release|Any CPU.ActiveCfg = Release|Any CPU
		{74002744-FF20-4244-B20F-E873A28570AC}.Release|Any CPU.Build.0 = Release|Any CPU
		{8A1D2051-150E-42CD-B1F9-9FB39ED565CD}.Debug|Any CPU.ActiveCfg = Debug|Any CPU
		{8A1D2051-150E-42CD-B1F9-9FB39ED565CD}.Debug|Any CPU.Build.0 = Debug|Any CPU
		{8A1D2051-150E-42CD-B1F9-9FB39ED565CD}.Release|Any CPU.ActiveCfg = Release|Any CPU
		{8A1D2051-150E-42CD-B1F9-9FB39ED565CD}.Release|Any CPU.Build.0 = Release|Any CPU
		{FD3E8FF9-DE11-4993-B9AB-1A2C1D780254}.Debug|Any CPU.ActiveCfg = Debug|Any CPU
		{FD3E8FF9-DE11-4993-B9AB-1A2C1D780254}.Debug|Any CPU.Build.0 = Debug|Any CPU
		{FD3E8FF9-DE11-4993-B9AB-1A2C1D780254}.Release|Any CPU.ActiveCfg = Release|Any CPU
		{FD3E8FF9-DE11-4993-B9AB-1A2C1D780254}.Release|Any CPU.Build.0 = Release|Any CPU
		{EBC3CAE0-C7A2-47C6-900B-AA2E21CEC4D7}.Debug|Any CPU.ActiveCfg = Debug|Any CPU
		{EBC3CAE0-C7A2-47C6-900B-AA2E21CEC4D7}.Debug|Any CPU.Build.0 = Debug|Any CPU
		{EBC3CAE0-C7A2-47C6-900B-AA2E21CEC4D7}.Release|Any CPU.ActiveCfg = Release|Any CPU
		{EBC3CAE0-C7A2-47C6-900B-AA2E21CEC4D7}.Release|Any CPU.Build.0 = Release|Any CPU
		{829F2835-B420-485E-BD1D-928773D10BC3}.Debug|Any CPU.ActiveCfg = Debug|Any CPU
		{829F2835-B420-485E-BD1D-928773D10BC3}.Debug|Any CPU.Build.0 = Debug|Any CPU
		{829F2835-B420-485E-BD1D-928773D10BC3}.Release|Any CPU.ActiveCfg = Release|Any CPU
		{829F2835-B420-485E-BD1D-928773D10BC3}.Release|Any CPU.Build.0 = Release|Any CPU
		{C6326D2F-E30F-41AC-97D9-AF6772E46CC9}.Debug|Any CPU.ActiveCfg = Debug|Any CPU
		{C6326D2F-E30F-41AC-97D9-AF6772E46CC9}.Debug|Any CPU.Build.0 = Debug|Any CPU
		{C6326D2F-E30F-41AC-97D9-AF6772E46CC9}.Release|Any CPU.ActiveCfg = Release|Any CPU
		{C6326D2F-E30F-41AC-97D9-AF6772E46CC9}.Release|Any CPU.Build.0 = Release|Any CPU
		{DE1C6EE5-BFE1-421B-B1F3-DD0650634F39}.Debug|Any CPU.ActiveCfg = Debug|Any CPU
		{DE1C6EE5-BFE1-421B-B1F3-DD0650634F39}.Debug|Any CPU.Build.0 = Debug|Any CPU
		{DE1C6EE5-BFE1-421B-B1F3-DD0650634F39}.Release|Any CPU.ActiveCfg = Release|Any CPU
		{DE1C6EE5-BFE1-421B-B1F3-DD0650634F39}.Release|Any CPU.Build.0 = Release|Any CPU
		{81018E65-5784-4E5B-A6FF-0C84B1634FA7}.Debug|Any CPU.ActiveCfg = Debug|Any CPU
		{81018E65-5784-4E5B-A6FF-0C84B1634FA7}.Debug|Any CPU.Build.0 = Debug|Any CPU
		{81018E65-5784-4E5B-A6FF-0C84B1634FA7}.Release|Any CPU.ActiveCfg = Release|Any CPU
		{81018E65-5784-4E5B-A6FF-0C84B1634FA7}.Release|Any CPU.Build.0 = Release|Any CPU
		{B7629112-B6B2-41BA-AA12-5538B0482136}.Debug|Any CPU.ActiveCfg = Debug|Any CPU
		{B7629112-B6B2-41BA-AA12-5538B0482136}.Debug|Any CPU.Build.0 = Debug|Any CPU
		{B7629112-B6B2-41BA-AA12-5538B0482136}.Release|Any CPU.ActiveCfg = Release|Any CPU
		{B7629112-B6B2-41BA-AA12-5538B0482136}.Release|Any CPU.Build.0 = Release|Any CPU
		{8455D35E-F8AD-46A4-86F3-77EDBF360487}.Debug|Any CPU.ActiveCfg = Debug|Any CPU
		{8455D35E-F8AD-46A4-86F3-77EDBF360487}.Debug|Any CPU.Build.0 = Debug|Any CPU
		{8455D35E-F8AD-46A4-86F3-77EDBF360487}.Release|Any CPU.ActiveCfg = Release|Any CPU
		{8455D35E-F8AD-46A4-86F3-77EDBF360487}.Release|Any CPU.Build.0 = Release|Any CPU
		{E5798432-71B3-4B8F-8F0A-E405F873B91D}.Debug|Any CPU.ActiveCfg = Debug|Any CPU
		{E5798432-71B3-4B8F-8F0A-E405F873B91D}.Debug|Any CPU.Build.0 = Debug|Any CPU
		{E5798432-71B3-4B8F-8F0A-E405F873B91D}.Release|Any CPU.ActiveCfg = Release|Any CPU
		{E5798432-71B3-4B8F-8F0A-E405F873B91D}.Release|Any CPU.Build.0 = Release|Any CPU
	EndGlobalSection
	GlobalSection(NestedProjects) = preSolution
		{A0B3A29D-0064-4CA1-8B54-E2F74A1AECE7} = {EEEB1AA4-B6FE-4153-9CCB-565250FC147E}
		{0F1BDCE3-B2FA-435F-BB25-E36F4C50FD71} = {EEEB1AA4-B6FE-4153-9CCB-565250FC147E}
		{3EF44B37-F109-4484-9B1F-F2546FE2D368} = {EEEB1AA4-B6FE-4153-9CCB-565250FC147E}
		{E3CB6218-7DC6-4ACD-88C5-181A6C2B1B7F} = {EEEB1AA4-B6FE-4153-9CCB-565250FC147E}
		{DA351178-E45A-4F1E-B612-4F457D52BF16} = {EEEB1AA4-B6FE-4153-9CCB-565250FC147E}
		{D1DC9AF5-53EA-4045-9228-70BCD0C19580} = {EEEB1AA4-B6FE-4153-9CCB-565250FC147E}
		{986E09B1-4007-4094-A644-4B1351B6336D} = {5E30EE13-E6A0-41D8-B90F-1A52666978ED}
		{EB333FCC-8DE8-4499-883C-1AD6FDFC855F} = {5E30EE13-E6A0-41D8-B90F-1A52666978ED}
		{8A1D2051-150E-42CD-B1F9-9FB39ED565CD} = {5E30EE13-E6A0-41D8-B90F-1A52666978ED}
		{FD3E8FF9-DE11-4993-B9AB-1A2C1D780254} = {5E30EE13-E6A0-41D8-B90F-1A52666978ED}
		{EBC3CAE0-C7A2-47C6-900B-AA2E21CEC4D7} = {89355D2D-34BA-406F-8B6E-96ECB3B361A4}
		{829F2835-B420-485E-BD1D-928773D10BC3} = {89355D2D-34BA-406F-8B6E-96ECB3B361A4}
		{DE1C6EE5-BFE1-421B-B1F3-DD0650634F39} = {EEEB1AA4-B6FE-4153-9CCB-565250FC147E}
		{81018E65-5784-4E5B-A6FF-0C84B1634FA7} = {5E30EE13-E6A0-41D8-B90F-1A52666978ED}
		{B7629112-B6B2-41BA-AA12-5538B0482136} = {5E30EE13-E6A0-41D8-B90F-1A52666978ED}
		{8455D35E-F8AD-46A4-86F3-77EDBF360487} = {89355D2D-34BA-406F-8B6E-96ECB3B361A4}
	EndGlobalSection
EndGlobal
